{
  "requires": true,
  "lockfileVersion": 1,
  "dependencies": {
    "@daybrush/utils": {
      "version": "0.10.0",
      "resolved": "https://registry.npmjs.org/@daybrush/utils/-/utils-0.10.0.tgz",
      "integrity": "sha512-Rwy4w0eLd6JwMNOQX7c6UQ3a4407wE3i6A1K4pXqcMJ2AJw/+t3XXpKkrIaSmFqtp0jwXFSxReyv4iV3wsq2vQ=="
    },
    "list-map": {
      "version": "0.1.1",
      "resolved": "https://registry.npmjs.org/list-map/-/list-map-0.1.1.tgz",
      "integrity": "sha512-LVmi+BBSaX7JkLlqY7ujzavpOEwOnl1vQxKJEqmXqoPp9EJxB9mtEUgjbRrnKfqPfZ3Zvj/ZW4dCvabSWhLEgw==",
      "requires": {
        "@daybrush/utils": "^0.10.0"
      }
    },
    "scenejs": {
      "version": "1.1.4",
      "resolved": "https://registry.npmjs.org/scenejs/-/scenejs-1.1.4.tgz",
      "integrity": "sha512-xhwPBPqbXYm3C0g26C09VPkaIOM1aZzPWSDPFAFsjXXbxr1k43Kf7MEcmAlbsg1WiB0REQuRQn0X+6b4SIf2jQ==",
      "requires": {
        "@daybrush/utils": "^0.10.0",
        "list-map": "^0.1.1"
      }
    }
  }
}
